
Microsoft Visual Studio Solution File, Format Version 12.00
# Visual Studio Version 17
VisualStudioVersion = 17.7.34024.191
MinimumVisualStudioVersion = 10.0.40219.1
Project("{FAE04EC0-301F-11D3-BF4B-00C04F79EFBC}") = "BankAccountAssessment", "BankAccountAssessment.csproj", "{7233D5DF-30B1-47B2-A8E4-9FAC8006AB44}"
EndProject
Global
	GlobalSection(SolutionConfigurationPlatforms) = preSolution
		Debug|Any CPU = Debug|Any CPU
		Release|Any CPU = Release|Any CPU
	EndGlobalSection
	GlobalSection(ProjectConfigurationPlatforms) = postSolution
		{7233D5DF-30B1-47B2-A8E4-9FAC8006AB44}.Debug|Any CPU.ActiveCfg = Debug|Any CPU
		{7233D5DF-30B1-47B2-A8E4-9FAC8006AB44}.Debug|Any CPU.Build.0 = Debug|Any CPU
		{7233D5DF-30B1-47B2-A8E4-9FAC8006AB44}.Release|Any CPU.ActiveCfg = Release|Any CPU
		{7233D5DF-30B1-47B2-A8E4-9FAC8006AB44}.Release|Any CPU.Build.0 = Release|Any CPU
	EndGlobalSection
	GlobalSection(SolutionProperties) = preSolution
		HideSolutionNode = FALSE
	EndGlobalSection
	GlobalSection(ExtensibilityGlobals) = postSolution
		SolutionGuid = {BA19A814-DD4B-41C6-94A8-A0DD87088C04}
	EndGlobalSection
EndGlobal
